<?xml version="1.0" encoding="utf-8"?>
<Project ToolsVersion="4.0" xmlns="http://schemas.microsoft.com/developer/msbuild/2003">
  <ItemGroup>
    <Filter Include="Source Files">
      <UniqueIdentifier>{4FC737F1-C7A5-4376-A066-2A32D752A2FF}</UniqueIdentifier>
      <Extensions>cpp;c;cc;cxx;def;odl;idl;hpj;bat;asm;asmx</Extensions>
    </Filter>
    <Filter Include="Public">
      <UniqueIdentifier>{7da8faad-064d-45a1-923b-978d9081aaee}</UniqueIdentifier>
    </Filter>
    <Filter Include="Component">
      <UniqueIdentifier>{64ed084c-9776-4b6f-9ad0-fb647073cda3}</UniqueIdentifier>
    </Filter>
    <Filter Include="Scene">
      <UniqueIdentifier>{1ffb76a5-b1a7-4c12-a14d-a185152235d2}</UniqueIdentifier>
    </Filter>
    <Filter Include="Camera">
      <UniqueIdentifier>{85089dc1-7ebb-4854-b54c-8840db850eb7}</UniqueIdentifier>
    </Filter>
    <Filter Include="Resources">
      <UniqueIdentifier>{4383aff6-7c13-4c74-995f-55936505811f}</UniqueIdentifier>
    </Filter>
    <Filter Include="Utilits">
      <UniqueIdentifier>{6c9208d7-13f4-43fa-9e63-b6941246f401}</UniqueIdentifier>
    </Filter>
  </ItemGroup>
  <ItemGroup>
    <ClCompile Include="Source.cpp">
      <Filter>Source Files</Filter>
    </ClCompile>
    <ClCompile Include="..\..\src\Component\Component.cpp">
      <Filter>Component</Filter>
    </ClCompile>
    <ClCompile Include="..\..\src\Component\DrawableComponent.cpp">
      <Filter>Component</Filter>
    </ClCompile>
    <ClCompile Include="..\..\src\RenderScene\RenderScene.cpp">
      <Filter>Scene</Filter>
    </ClCompile>
    <ClCompile Include="..\..\src\Camera\Camera.cpp">
      <Filter>Camera</Filter>
    </ClCompile>
    <ClCompile Include="..\..\src\Camera\FPSCamera.cpp">
      <Filter>Camera</Filter>
    </ClCompile>
    <ClCompile Include="..\..\src\Public\Timer.cpp">
      <Filter>Public</Filter>
    </ClCompile>
    <ClCompile Include="..\..\src\Resources\Shader.cpp">
      <Filter>Resources</Filter>
    </ClCompile>
    <ClCompile Include="..\..\src\Resources\Texture2D.cpp">
      <Filter>Resources</Filter>
    </ClCompile>
    <ClCompile Include="..\..\src\Utilits\MathUtilits.cpp">
      <Filter>Utilits</Filter>
    </ClCompile>
    <ClCompile Include="..\..\src\Utilits\FileUtilits.cpp">
      <Filter>Utilits</Filter>
    </ClCompile>
  </ItemGroup>
  <ItemGroup>
    <ClInclude Include="..\..\src\Component\Component.h">
      <Filter>Component</Filter>
    </ClInclude>
    <ClInclude Include="..\..\src\Component\DrawableComponent.h">
      <Filter>Component</Filter>
    </ClInclude>
    <ClInclude Include="..\..\src\RenderScene\RenderScene.h">
      <Filter>Scene</Filter>
    </ClInclude>
    <ClInclude Include="..\..\src\Public\PublicDefine.h">
      <Filter>Public</Filter>
    </ClInclude>
    <ClInclude Include="..\..\src\Camera\Camera.h">
      <Filter>Camera</Filter>
    </ClInclude>
    <ClInclude Include="..\..\src\Camera\FPSCamera.h">
      <Filter>Camera</Filter>
    </ClInclude>
    <ClInclude Include="..\..\src\Public\Timer.h">
      <Filter>Public</Filter>
    </ClInclude>
    <ClInclude Include="..\..\src\Resources\Shader.h">
      <Filter>Resources</Filter>
    </ClInclude>
    <ClInclude Include="..\..\src\Resources\Texture2D.h">
      <Filter>Resources</Filter>
    </ClInclude>
    <ClInclude Include="..\..\src\Utilits\MathUtilits.h">
      <Filter>Utilits</Filter>
    </ClInclude>
    <ClInclude Include="..\..\src\Utilits\FileUtilits.h">
      <Filter>Utilits</Filter>
    </ClInclude>
  </ItemGroup>
</Project>